
Microsoft Visual Studio Solution File, Format Version 11.00
# Visual Studio 2010
Project("{FAE04EC0-301F-11D3-BF4B-00C04F79EFBC}") = "Kompleks veri bağlama uygulaması form tasarımı-2", "Kompleks veri bağlama uygulaması form tasarımı-2\Kompleks veri bağlama uygulaması form tasarımı-2.csproj", "{DED1BF71-C2E3-4408-A013-81391A6DF681}"
EndProject
Global
	GlobalSection(SolutionConfigurationPlatforms) = preSolution
		Debug|x86 = Debug|x86
		Release|x86 = Release|x86
	EndGlobalSection
	GlobalSection(ProjectConfigurationPlatforms) = postSolution
		{DED1BF71-C2E3-4408-A013-81391A6DF681}.Debug|x86.ActiveCfg = Debug|x86
		{DED1BF71-C2E3-4408-A013-81391A6DF681}.Debug|x86.Build.0 = Debug|x86
		{DED1BF71-C2E3-4408-A013-81391A6DF681}.Release|x86.ActiveCfg = Release|x86
		{DED1BF71-C2E3-4408-A013-81391A6DF681}.Release|x86.Build.0 = Release|x86
	EndGlobalSection
	GlobalSection(SolutionProperties) = preSolution
		HideSolutionNode = FALSE
	EndGlobalSection
EndGlobal
